
Microsoft Visual Studio Solution File, Format Version 12.00
# Visual Studio Version 17
VisualStudioVersion = 17.4.33213.308
MinimumVisualStudioVersion = 10.0.40219.1
Project("{FAE04EC0-301F-11D3-BF4B-00C04F79EFBC}") = "NevronTask", "NevronTask\NevronTask.csproj", "{37632C6E-3BB7-482F-80B8-31D47C5940DC}"
EndProject
Global
	GlobalSection(SolutionConfigurationPlatforms) = preSolution
		Debug|Any CPU = Debug|Any CPU
		Release|Any CPU = Release|Any CPU
	EndGlobalSection
	GlobalSection(ProjectConfigurationPlatforms) = postSolution
		{37632C6E-3BB7-482F-80B8-31D47C5940DC}.Debug|Any CPU.ActiveCfg = Debug|Any CPU
		{37632C6E-3BB7-482F-80B8-31D47C5940DC}.Debug|Any CPU.Build.0 = Debug|Any CPU
		{37632C6E-3BB7-482F-80B8-31D47C5940DC}.Release|Any CPU.ActiveCfg = Release|Any CPU
		{37632C6E-3BB7-482F-80B8-31D47C5940DC}.Release|Any CPU.Build.0 = Release|Any CPU
	EndGlobalSection
	GlobalSection(SolutionProperties) = preSolution
		HideSolutionNode = FALSE
	EndGlobalSection
	GlobalSection(ExtensibilityGlobals) = postSolution
		SolutionGuid = {23AC6CDD-8F4E-43F0-83DC-8174A4177E7F}
	EndGlobalSection
EndGlobal
